
Microsoft Visual Studio Solution File, Format Version 12.00
# Visual Studio Version 16
VisualStudioVersion = 16.0.32602.291
MinimumVisualStudioVersion = 10.0.40219.1
Project("{FAE04EC0-301F-11D3-BF4B-00C04F79EFBC}") = "ConfigSystemInfo", "ConfigSystemInfo\ConfigSystemInfo.csproj", "{047DDDBB-C35A-42C6-A355-FCB58C680D19}"
EndProject
Global
	GlobalSection(SolutionConfigurationPlatforms) = preSolution
		Debug|Any CPU = Debug|Any CPU
		Release|Any CPU = Release|Any CPU
	EndGlobalSection
	GlobalSection(ProjectConfigurationPlatforms) = postSolution
		{047DDDBB-C35A-42C6-A355-FCB58C680D19}.Debug|Any CPU.ActiveCfg = Debug|Any CPU
		{047DDDBB-C35A-42C6-A355-FCB58C680D19}.Debug|Any CPU.Build.0 = Debug|Any CPU
		{047DDDBB-C35A-42C6-A355-FCB58C680D19}.Release|Any CPU.ActiveCfg = Release|Any CPU
		{047DDDBB-C35A-42C6-A355-FCB58C680D19}.Release|Any CPU.Build.0 = Release|Any CPU
	EndGlobalSection
	GlobalSection(SolutionProperties) = preSolution
		HideSolutionNode = FALSE
	EndGlobalSection
	GlobalSection(ExtensibilityGlobals) = postSolution
		SolutionGuid = {AA5203D2-A70E-400C-BA03-E75E8A7D8D46}
	EndGlobalSection
EndGlobal
